// !$*UTF8*$!
{
	archiveVersion = 1;
	classes = {
	};
	objectVersion = 55;
	objects = {

/* Begin PBXBuildFile section */
		F329910A282D92D70054785C /* AppDelegate.swift in Sources */ = {isa = PBXBuildFile; fileRef = F3299109282D92D70054785C /* AppDelegate.swift */; };
		F3299113282D92D80054785C /* Assets.xcassets in Resources */ = {isa = PBXBuildFile; fileRef = F3299112282D92D80054785C /* Assets.xcassets */; };
		F3299116282D92D80054785C /* LaunchScreen.storyboard in Resources */ = {isa = PBXBuildFile; fileRef = F3299114282D92D80054785C /* LaunchScreen.storyboard */; };
		F344E957283AB8EB00FBB6A6 /* PostModel.swift in Sources */ = {isa = PBXBuildFile; fileRef = F344E956283AB8EB00FBB6A6 /* PostModel.swift */; };
		F344E959283AB94B00FBB6A6 /* ProfileTableHederView.swift in Sources */ = {isa = PBXBuildFile; fileRef = F344E958283AB94B00FBB6A6 /* ProfileTableHederView.swift */; };
		F344E95B283AB9FC00FBB6A6 /* PostTableViewCell.swift in Sources */ = {isa = PBXBuildFile; fileRef = F344E95A283AB9FC00FBB6A6 /* PostTableViewCell.swift */; };
		F344E95D283ABA9800FBB6A6 /* PostExtension .swift in Sources */ = {isa = PBXBuildFile; fileRef = F344E95C283ABA9800FBB6A6 /* PostExtension .swift */; };
		F344E95F283ABACE00FBB6A6 /* ColorSet.swift in Sources */ = {isa = PBXBuildFile; fileRef = F344E95E283ABACE00FBB6A6 /* ColorSet.swift */; };
		F344E961283ABB6E00FBB6A6 /* LogInViewController.swift in Sources */ = {isa = PBXBuildFile; fileRef = F344E960283ABB6E00FBB6A6 /* LogInViewController.swift */; };
		F344E9762840078C00FBB6A6 /* PhotosViewController.swift in Sources */ = {isa = PBXBuildFile; fileRef = F344E9752840078C00FBB6A6 /* PhotosViewController.swift */; };
		F344E978284007EB00FBB6A6 /* PhotosCollectionViewCell.swift in Sources */ = {isa = PBXBuildFile; fileRef = F344E977284007EB00FBB6A6 /* PhotosCollectionViewCell.swift */; };
		F344E97A2840083600FBB6A6 /* PhotosCollectionViewCellForTableView.swift in Sources */ = {isa = PBXBuildFile; fileRef = F344E9792840083600FBB6A6 /* PhotosCollectionViewCellForTableView.swift */; };
		F344E97C284009F000FBB6A6 /* PhotosTableViewCellDelegate.swift in Sources */ = {isa = PBXBuildFile; fileRef = F344E97B284009F000FBB6A6 /* PhotosTableViewCellDelegate.swift */; };
		F344E97E28400A4700FBB6A6 /* ImageModel .swift in Sources */ = {isa = PBXBuildFile; fileRef = F344E97D28400A4700FBB6A6 /* ImageModel .swift */; };
		F344E98028400CEF00FBB6A6 /* SceneDelegate.swift in Sources */ = {isa = PBXBuildFile; fileRef = F344E97F28400CEF00FBB6A6 /* SceneDelegate.swift */; };
		F3D4C8522830FCC500D0FF61 /* MyUITabBarController.swift in Sources */ = {isa = PBXBuildFile; fileRef = F3D4C8512830FCC500D0FF61 /* MyUITabBarController.swift */; };
		F3D4C8582830FCF200D0FF61 /* InfoViewController.swift in Sources */ = {isa = PBXBuildFile; fileRef = F3D4C8532830FCF200D0FF61 /* InfoViewController.swift */; };
		F3D4C8592830FCF200D0FF61 /* PostViewController.swift in Sources */ = {isa = PBXBuildFile; fileRef = F3D4C8542830FCF200D0FF61 /* PostViewController.swift */; };
		F3D4C85A2830FCF200D0FF61 /* Post.swift in Sources */ = {isa = PBXBuildFile; fileRef = F3D4C8552830FCF200D0FF61 /* Post.swift */; };
		F3D4C85B2830FCF200D0FF61 /* FeedViewController.swift in Sources */ = {isa = PBXBuildFile; fileRef = F3D4C8562830FCF200D0FF61 /* FeedViewController.swift */; };
		F3D4C85C2830FCF200D0FF61 /* ProfileViewController.swift in Sources */ = {isa = PBXBuildFile; fileRef = F3D4C8572830FCF200D0FF61 /* ProfileViewController.swift */; };
/* End PBXBuildFile section */

/* Begin PBXFileReference section */
		F3299106282D92D70054785C /* Navigation.app */ = {isa = PBXFileReference; explicitFileType = wrapper.application; includeInIndex = 0; path = Navigation.app; sourceTree = BUILT_PRODUCTS_DIR; };
		F3299109282D92D70054785C /* AppDelegate.swift */ = {isa = PBXFileReference; lastKnownFileType = sourcecode.swift; path = AppDelegate.swift; sourceTree = "<group>"; };
		F3299112282D92D80054785C /* Assets.xcassets */ = {isa = PBXFileReference; lastKnownFileType = folder.assetcatalog; path = Assets.xcassets; sourceTree = "<group>"; };
		F3299115282D92D80054785C /* Base */ = {isa = PBXFileReference; lastKnownFileType = file.storyboard; name = Base; path = Base.lproj/LaunchScreen.storyboard; sourceTree = "<group>"; };
		F3299117282D92D80054785C /* Info.plist */ = {isa = PBXFileReference; lastKnownFileType = text.plist.xml; path = Info.plist; sourceTree = "<group>"; };
		F344E956283AB8EB00FBB6A6 /* PostModel.swift */ = {isa = PBXFileReference; lastKnownFileType = sourcecode.swift; path = PostModel.swift; sourceTree = "<group>"; };
		F344E958283AB94B00FBB6A6 /* ProfileTableHederView.swift */ = {isa = PBXFileReference; lastKnownFileType = sourcecode.swift; path = ProfileTableHederView.swift; sourceTree = "<group>"; };
		F344E95A283AB9FC00FBB6A6 /* PostTableViewCell.swift */ = {isa = PBXFileReference; lastKnownFileType = sourcecode.swift; path = PostTableViewCell.swift; sourceTree = "<group>"; };
		F344E95C283ABA9800FBB6A6 /* PostExtension .swift */ = {isa = PBXFileReference; lastKnownFileType = sourcecode.swift; path = "PostExtension .swift"; sourceTree = "<group>"; };
		F344E95E283ABACE00FBB6A6 /* ColorSet.swift */ = {isa = PBXFileReference; lastKnownFileType = sourcecode.swift; path = ColorSet.swift; sourceTree = "<group>"; };
		F344E960283ABB6E00FBB6A6 /* LogInViewController.swift */ = {isa = PBXFileReference; lastKnownFileType = sourcecode.swift; path = LogInViewController.swift; sourceTree = "<group>"; };
		F344E9752840078C00FBB6A6 /* PhotosViewController.swift */ = {isa = PBXFileReference; lastKnownFileType = sourcecode.swift; path = PhotosViewController.swift; sourceTree = "<group>"; };
		F344E977284007EB00FBB6A6 /* PhotosCollectionViewCell.swift */ = {isa = PBXFileReference; lastKnownFileType = sourcecode.swift; path = PhotosCollectionViewCell.swift; sourceTree = "<group>"; };
		F344E9792840083600FBB6A6 /* PhotosCollectionViewCellForTableView.swift */ = {isa = PBXFileReference; lastKnownFileType = sourcecode.swift; path = PhotosCollectionViewCellForTableView.swift; sourceTree = "<group>"; };
		F344E97B284009F000FBB6A6 /* PhotosTableViewCellDelegate.swift */ = {isa = PBXFileReference; lastKnownFileType = sourcecode.swift; path = PhotosTableViewCellDelegate.swift; sourceTree = "<group>"; };
		F344E97D28400A4700FBB6A6 /* ImageModel .swift */ = {isa = PBXFileReference; lastKnownFileType = sourcecode.swift; path = "ImageModel .swift"; sourceTree = "<group>"; };
		F344E97F28400CEF00FBB6A6 /* SceneDelegate.swift */ = {isa = PBXFileReference; lastKnownFileType = sourcecode.swift; path = SceneDelegate.swift; sourceTree = "<group>"; };
		F3D4C8512830FCC500D0FF61 /* MyUITabBarController.swift */ = {isa = PBXFileReference; fileEncoding = 4; lastKnownFileType = sourcecode.swift; path = MyUITabBarController.swift; sourceTree = "<group>"; };
		F3D4C8532830FCF200D0FF61 /* InfoViewController.swift */ = {isa = PBXFileReference; fileEncoding = 4; lastKnownFileType = sourcecode.swift; path = InfoViewController.swift; sourceTree = "<group>"; };
		F3D4C8542830FCF200D0FF61 /* PostViewController.swift */ = {isa = PBXFileReference; fileEncoding = 4; lastKnownFileType = sourcecode.swift; path = PostViewController.swift; sourceTree = "<group>"; };
		F3D4C8552830FCF200D0FF61 /* Post.swift */ = {isa = PBXFileReference; fileEncoding = 4; lastKnownFileType = sourcecode.swift; path = Post.swift; sourceTree = "<group>"; };
		F3D4C8562830FCF200D0FF61 /* FeedViewController.swift */ = {isa = PBXFileReference; fileEncoding = 4; lastKnownFileType = sourcecode.swift; path = FeedViewController.swift; sourceTree = "<group>"; };
		F3D4C8572830FCF200D0FF61 /* ProfileViewController.swift */ = {isa = PBXFileReference; fileEncoding = 4; lastKnownFileType = sourcecode.swift; path = ProfileViewController.swift; sourceTree = "<group>"; };
/* End PBXFileReference section */

/* Begin PBXFrameworksBuildPhase section */
		F3299103282D92D70054785C /* Frameworks */ = {
			isa = PBXFrameworksBuildPhase;
			buildActionMask = 2147483647;
			files = (
			);
			runOnlyForDeploymentPostprocessing = 0;
		};
/* End PBXFrameworksBuildPhase section */

/* Begin PBXGroup section */
		F32990FD282D92D70054785C = {
			isa = PBXGroup;
			children = (
				F344E9742840073500FBB6A6 /* Photo */,
				F344E955283AB8A400FBB6A6 /* Post */,
				F3ABD2F228318AA9006DE941 /* Profile */,
				F3299108282D92D70054785C /* Navigation */,
				F3299107282D92D70054785C /* Products */,
			);
			sourceTree = "<group>";
		};
		F3299107282D92D70054785C /* Products */ = {
			isa = PBXGroup;
			children = (
				F3299106282D92D70054785C /* Navigation.app */,
			);
			name = Products;
			sourceTree = "<group>";
		};
		F3299108282D92D70054785C /* Navigation */ = {
			isa = PBXGroup;
			children = (
				F3299109282D92D70054785C /* AppDelegate.swift */,
				F344E97F28400CEF00FBB6A6 /* SceneDelegate.swift */,
				F3D4C8512830FCC500D0FF61 /* MyUITabBarController.swift */,
				F3D4C8562830FCF200D0FF61 /* FeedViewController.swift */,
				F3D4C8532830FCF200D0FF61 /* InfoViewController.swift */,
				F3299112282D92D80054785C /* Assets.xcassets */,
				F3299114282D92D80054785C /* LaunchScreen.storyboard */,
				F3299117282D92D80054785C /* Info.plist */,
			);
			path = Navigation;
			sourceTree = "<group>";
		};
		F344E955283AB8A400FBB6A6 /* Post */ = {
			isa = PBXGroup;
			children = (
				F3D4C8552830FCF200D0FF61 /* Post.swift */,
				F344E958283AB94B00FBB6A6 /* ProfileTableHederView.swift */,
				F344E956283AB8EB00FBB6A6 /* PostModel.swift */,
				F344E95A283AB9FC00FBB6A6 /* PostTableViewCell.swift */,
				F3D4C8542830FCF200D0FF61 /* PostViewController.swift */,
				F344E95C283ABA9800FBB6A6 /* PostExtension .swift */,
			);
			path = Post;
			sourceTree = "<group>";
		};
		F344E9742840073500FBB6A6 /* Photo */ = {
			isa = PBXGroup;
			children = (
				F344E9752840078C00FBB6A6 /* PhotosViewController.swift */,
				F344E977284007EB00FBB6A6 /* PhotosCollectionViewCell.swift */,
				F344E9792840083600FBB6A6 /* PhotosCollectionViewCellForTableView.swift */,
				F344E97B284009F000FBB6A6 /* PhotosTableViewCellDelegate.swift */,
				F344E97D28400A4700FBB6A6 /* ImageModel .swift */,
			);
			path = Photo;
			sourceTree = "<group>";
		};
		F3ABD2F228318AA9006DE941 /* Profile */ = {
			isa = PBXGroup;
			children = (
				F3D4C8572830FCF200D0FF61 /* ProfileViewController.swift */,
				F344E95E283ABACE00FBB6A6 /* ColorSet.swift */,
				F344E960283ABB6E00FBB6A6 /* LogInViewController.swift */,
			);
			path = Profile;
			sourceTree = "<group>";
		};
/* End PBXGroup section */

/* Begin PBXNativeTarget section */
		F3299105282D92D70054785C /* Navigation */ = {
			isa = PBXNativeTarget;
			buildConfigurationList = F329911A282D92D80054785C /* Build configuration list for PBXNativeTarget "Navigation" */;
			buildPhases = (
				F3299102282D92D70054785C /* Sources */,
				F3299103282D92D70054785C /* Frameworks */,
				F3299104282D92D70054785C /* Resources */,
			);
			buildRules = (
			);
			dependencies = (
			);
			name = Navigation;
			productName = Navigation;
			productReference = F3299106282D92D70054785C /* Navigation.app */;
			productType = "com.apple.product-type.application";
		};
/* End PBXNativeTarget section */

/* Begin PBXProject section */
		F32990FE282D92D70054785C /* Project object */ = {
			isa = PBXProject;
			attributes = {
				BuildIndependentTargetsInParallel = 1;
				LastSwiftUpdateCheck = 1330;
				LastUpgradeCheck = 1330;
				TargetAttributes = {
					F3299105282D92D70054785C = {
						CreatedOnToolsVersion = 13.3.1;
					};
				};
			};
			buildConfigurationList = F3299101282D92D70054785C /* Build configuration list for PBXProject "Navigation" */;
			compatibilityVersion = "Xcode 13.0";
			developmentRegion = en;
			hasScannedForEncodings = 0;
			knownRegions = (
				en,
				Base,
			);
			mainGroup = F32990FD282D92D70054785C;
			productRefGroup = F3299107282D92D70054785C /* Products */;
			projectDirPath = "";
			projectRoot = "";
			targets = (
				F3299105282D92D70054785C /* Navigation */,
			);
		};
/* End PBXProject section */

/* Begin PBXResourcesBuildPhase section */
		F3299104282D92D70054785C /* Resources */ = {
			isa = PBXResourcesBuildPhase;
			buildActionMask = 2147483647;
			files = (
				F3299116282D92D80054785C /* LaunchScreen.storyboard in Resources */,
				F3299113282D92D80054785C /* Assets.xcassets in Resources */,
			);
			runOnlyForDeploymentPostprocessing = 0;
		};
/* End PBXResourcesBuildPhase section */

/* Begin PBXSourcesBuildPhase section */
		F3299102282D92D70054785C /* Sources */ = {
			isa = PBXSourcesBuildPhase;
			buildActionMask = 2147483647;
			files = (
				F344E95B283AB9FC00FBB6A6 /* PostTableViewCell.swift in Sources */,
				F344E959283AB94B00FBB6A6 /* ProfileTableHederView.swift in Sources */,
				F344E95D283ABA9800FBB6A6 /* PostExtension .swift in Sources */,
				F344E97A2840083600FBB6A6 /* PhotosCollectionViewCellForTableView.swift in Sources */,
				F3D4C8592830FCF200D0FF61 /* PostViewController.swift in Sources */,
				F344E957283AB8EB00FBB6A6 /* PostModel.swift in Sources */,
				F344E97C284009F000FBB6A6 /* PhotosTableViewCellDelegate.swift in Sources */,
				F329910A282D92D70054785C /* AppDelegate.swift in Sources */,
				F344E961283ABB6E00FBB6A6 /* LogInViewController.swift in Sources */,
				F3D4C8582830FCF200D0FF61 /* InfoViewController.swift in Sources */,
				F3D4C8522830FCC500D0FF61 /* MyUITabBarController.swift in Sources */,
				F3D4C85C2830FCF200D0FF61 /* ProfileViewController.swift in Sources */,
				F344E97E28400A4700FBB6A6 /* ImageModel .swift in Sources */,
				F344E95F283ABACE00FBB6A6 /* ColorSet.swift in Sources */,
				F344E978284007EB00FBB6A6 /* PhotosCollectionViewCell.swift in Sources */,
				F344E9762840078C00FBB6A6 /* PhotosViewController.swift in Sources */,
				F344E98028400CEF00FBB6A6 /* SceneDelegate.swift in Sources */,
				F3D4C85B2830FCF200D0FF61 /* FeedViewController.swift in Sources */,
				F3D4C85A2830FCF200D0FF61 /* Post.swift in Sources */,
			);
			runOnlyForDeploymentPostprocessing = 0;
		};
/* End PBXSourcesBuildPhase section */

/* Begin PBXVariantGroup section */
		F3299114282D92D80054785C /* LaunchScreen.storyboard */ = {
			isa = PBXVariantGroup;
			children = (
				F3299115282D92D80054785C /* Base */,
			);
			name = LaunchScreen.storyboard;
			sourceTree = "<group>";
		};
/* End PBXVariantGroup section */

/* Begin XCBuildConfiguration section */
		F3299118282D92D80054785C /* Debug */ = {
			isa = XCBuildConfiguration;
			buildSettings = {
				ALWAYS_SEARCH_USER_PATHS = NO;
				CLANG_ANALYZER_NONNULL = YES;
				CLANG_ANALYZER_NUMBER_OBJECT_CONVERSION = YES_AGGRESSIVE;
				CLANG_CXX_LANGUAGE_STANDARD = "gnu++17";
				CLANG_ENABLE_MODULES = YES;
				CLANG_ENABLE_OBJC_ARC = YES;
				CLANG_ENABLE_OBJC_WEAK = YES;
				CLANG_WARN_BLOCK_CAPTURE_AUTORELEASING = YES;
				CLANG_WARN_BOOL_CONVERSION = YES;
				CLANG_WARN_COMMA = YES;
				CLANG_WARN_CONSTANT_CONVERSION = YES;
				CLANG_WARN_DEPRECATED_OBJC_IMPLEMENTATIONS = YES;
				CLANG_WARN_DIRECT_OBJC_ISA_USAGE = YES_ERROR;
				CLANG_WARN_DOCUMENTATION_COMMENTS = YES;
				CLANG_WARN_EMPTY_BODY = YES;
				CLANG_WARN_ENUM_CONVERSION = YES;
				CLANG_WARN_INFINITE_RECURSION = YES;
				CLANG_WARN_INT_CONVERSION = YES;
				CLANG_WARN_NON_LITERAL_NULL_CONVERSION = YES;
				CLANG_WARN_OBJC_IMPLICIT_RETAIN_SELF = YES;
				CLANG_WARN_OBJC_LITERAL_CONVERSION = YES;
				CLANG_WARN_OBJC_ROOT_CLASS = YES_ERROR;
				CLANG_WARN_QUOTED_INCLUDE_IN_FRAMEWORK_HEADER = YES;
				CLANG_WARN_RANGE_LOOP_ANALYSIS = YES;
				CLANG_WARN_STRICT_PROTOTYPES = YES;
				CLANG_WARN_SUSPICIOUS_MOVE = YES;
				CLANG_WARN_UNGUARDED_AVAILABILITY = YES_AGGRESSIVE;
				CLANG_WARN_UNREACHABLE_CODE = YES;
				CLANG_WARN__DUPLICATE_METHOD_MATCH = YES;
				COPY_PHASE_STRIP = NO;
				DEBUG_INFORMATION_FORMAT = dwarf;
				ENABLE_STRICT_OBJC_MSGSEND = YES;
				ENABLE_TESTABILITY = YES;
				GCC_C_LANGUAGE_STANDARD = gnu11;
				GCC_DYNAMIC_NO_PIC = NO;
				GCC_NO_COMMON_BLOCKS = YES;
				GCC_OPTIMIZATION_LEVEL = 0;
				GCC_PREPROCESSOR_DEFINITIONS = (
					"DEBUG=1",
					"$(inherited)",
				);
				GCC_WARN_64_TO_32_BIT_CONVERSION = YES;
				GCC_WARN_ABOUT_RETURN_TYPE = YES_ERROR;
				GCC_WARN_UNDECLARED_SELECTOR = YES;
				GCC_WARN_UNINITIALIZED_AUTOS = YES_AGGRESSIVE;
				GCC_WARN_UNUSED_FUNCTION = YES;
				GCC_WARN_UNUSED_VARIABLE = YES;
				IPHONEOS_DEPLOYMENT_TARGET = 15.4;
				MTL_ENABLE_DEBUG_INFO = INCLUDE_SOURCE;
				MTL_FAST_MATH = YES;
				ONLY_ACTIVE_ARCH = YES;
				SDKROOT = iphoneos;
				SWIFT_ACTIVE_COMPILATION_CONDITIONS = DEBUG;
				SWIFT_OPTIMIZATION_LEVEL = "-Onone";
			};
			name = Debug;
		};
		F3299119282D92D80054785C /* Release */ = {
			isa = XCBuildConfiguration;
			buildSettings = {
				ALWAYS_SEARCH_USER_PATHS = NO;
				CLANG_ANALYZER_NONNULL = YES;
				CLANG_ANALYZER_NUMBER_OBJECT_CONVERSION = YES_AGGRESSIVE;
				CLANG_CXX_LANGUAGE_STANDARD = "gnu++17";
				CLANG_ENABLE_MODULES = YES;
				CLANG_ENABLE_OBJC_ARC = YES;
				CLANG_ENABLE_OBJC_WEAK = YES;
				CLANG_WARN_BLOCK_CAPTURE_AUTORELEASING = YES;
				CLANG_WARN_BOOL_CONVERSION = YES;
				CLANG_WARN_COMMA = YES;
				CLANG_WARN_CONSTANT_CONVERSION = YES;
				CLANG_WARN_DEPRECATED_OBJC_IMPLEMENTATIONS = YES;
				CLANG_WARN_DIRECT_OBJC_ISA_USAGE = YES_ERROR;
				CLANG_WARN_DOCUMENTATION_COMMENTS = YES;
				CLANG_WARN_EMPTY_BODY = YES;
				CLANG_WARN_ENUM_CONVERSION = YES;
				CLANG_WARN_INFINITE_RECURSION = YES;
				CLANG_WARN_INT_CONVERSION = YES;
				CLANG_WARN_NON_LITERAL_NULL_CONVERSION = YES;
				CLANG_WARN_OBJC_IMPLICIT_RETAIN_SELF = YES;
				CLANG_WARN_OBJC_LITERAL_CONVERSION = YES;
				CLANG_WARN_OBJC_ROOT_CLASS = YES_ERROR;
				CLANG_WARN_QUOTED_INCLUDE_IN_FRAMEWORK_HEADER = YES;
				CLANG_WARN_RANGE_LOOP_ANALYSIS = YES;
				CLANG_WARN_STRICT_PROTOTYPES = YES;
				CLANG_WARN_SUSPICIOUS_MOVE = YES;
				CLANG_WARN_UNGUARDED_AVAILABILITY = YES_AGGRESSIVE;
				CLANG_WARN_UNREACHABLE_CODE = YES;
				CLANG_WARN__DUPLICATE_METHOD_MATCH = YES;
				COPY_PHASE_STRIP = NO;
				DEBUG_INFORMATION_FORMAT = "dwarf-with-dsym";
				ENABLE_NS_ASSERTIONS = NO;
				ENABLE_STRICT_OBJC_MSGSEND = YES;
				GCC_C_LANGUAGE_STANDARD = gnu11;
				GCC_NO_COMMON_BLOCKS = YES;
				GCC_WARN_64_TO_32_BIT_CONVERSION = YES;
				GCC_WARN_ABOUT_RETURN_TYPE = YES_ERROR;
				GCC_WARN_UNDECLARED_SELECTOR = YES;
				GCC_WARN_UNINITIALIZED_AUTOS = YES_AGGRESSIVE;
				GCC_WARN_UNUSED_FUNCTION = YES;
				GCC_WARN_UNUSED_VARIABLE = YES;
				IPHONEOS_DEPLOYMENT_TARGET = 15.4;
				MTL_ENABLE_DEBUG_INFO = NO;
				MTL_FAST_MATH = YES;
				SDKROOT = iphoneos;
				SWIFT_COMPILATION_MODE = wholemodule;
				SWIFT_OPTIMIZATION_LEVEL = "-O";
				VALIDATE_PRODUCT = YES;
			};
			name = Release;
		};
		F329911B282D92D80054785C /* Debug */ = {
			isa = XCBuildConfiguration;
			buildSettings = {
				ASSETCATALOG_COMPILER_APPICON_NAME = AppIcon;
				ASSETCATALOG_COMPILER_GLOBAL_ACCENT_COLOR_NAME = AccentColor;
				CODE_SIGN_STYLE = Automatic;
				CURRENT_PROJECT_VERSION = 1;
				DEVELOPMENT_TEAM = KQ9HNZ28ZF;
				GENERATE_INFOPLIST_FILE = YES;
				INFOPLIST_FILE = Navigation/Info.plist;
				INFOPLIST_KEY_UIApplicationSupportsIndirectInputEvents = YES;
				INFOPLIST_KEY_UILaunchStoryboardName = LaunchScreen;
				INFOPLIST_KEY_UISupportedInterfaceOrientations = UIInterfaceOrientationPortraitUpsideDown;
				INFOPLIST_KEY_UISupportedInterfaceOrientations_iPad = "UIInterfaceOrientationPortrait UIInterfaceOrientationPortraitUpsideDown UIInterfaceOrientationLandscapeLeft UIInterfaceOrientationLandscapeRight";
				INFOPLIST_KEY_UISupportedInterfaceOrientations_iPhone = "UIInterfaceOrientationPortrait UIInterfaceOrientationLandscapeLeft UIInterfaceOrientationLandscapeRight";
				LD_RUNPATH_SEARCH_PATHS = (
					"$(inherited)",
					"@executable_path/Frameworks",
				);
				MARKETING_VERSION = 1.0;
				PRODUCT_BUNDLE_IDENTIFIER = "-.Navigation";
				PRODUCT_NAME = "$(TARGET_NAME)";
				SWIFT_EMIT_LOC_STRINGS = YES;
				SWIFT_VERSION = 5.0;
				TARGETED_DEVICE_FAMILY = "1,2";
			};
			name = Debug;
		};
		F329911C282D92D80054785C /* Release */ = {
			isa = XCBuildConfiguration;
			buildSettings = {
				ASSETCATALOG_COMPILER_APPICON_NAME = AppIcon;
				ASSETCATALOG_COMPILER_GLOBAL_ACCENT_COLOR_NAME = AccentColor;
				CODE_SIGN_STYLE = Automatic;
				CURRENT_PROJECT_VERSION = 1;
				DEVELOPMENT_TEAM = KQ9HNZ28ZF;
				GENERATE_INFOPLIST_FILE = YES;
				INFOPLIST_FILE = Navigation/Info.plist;
				INFOPLIST_KEY_UIApplicationSupportsIndirectInputEvents = YES;
				INFOPLIST_KEY_UILaunchStoryboardName = LaunchScreen;
				INFOPLIST_KEY_UISupportedInterfaceOrientations = UIInterfaceOrientationPortraitUpsideDown;
				INFOPLIST_KEY_UISupportedInterfaceOrientations_iPad = "UIInterfaceOrientationPortrait UIInterfaceOrientationPortraitUpsideDown UIInterfaceOrientationLandscapeLeft UIInterfaceOrientationLandscapeRight";
				INFOPLIST_KEY_UISupportedInterfaceOrientations_iPhone = "UIInterfaceOrientationPortrait UIInterfaceOrientationLandscapeLeft UIInterfaceOrientationLandscapeRight";
				LD_RUNPATH_SEARCH_PATHS = (
					"$(inherited)",
					"@executable_path/Frameworks",
				);
				MARKETING_VERSION = 1.0;
				PRODUCT_BUNDLE_IDENTIFIER = "-.Navigation";
				PRODUCT_NAME = "$(TARGET_NAME)";
				SWIFT_EMIT_LOC_STRINGS = YES;
				SWIFT_VERSION = 5.0;
				TARGETED_DEVICE_FAMILY = "1,2";
			};
			name = Release;
		};
/* End XCBuildConfiguration section */

/* Begin XCConfigurationList section */
		F3299101282D92D70054785C /* Build configuration list for PBXProject "Navigation" */ = {
			isa = XCConfigurationList;
			buildConfigurations = (
				F3299118282D92D80054785C /* Debug */,
				F3299119282D92D80054785C /* Release */,
			);
			defaultConfigurationIsVisible = 0;
			defaultConfigurationName = Release;
		};
		F329911A282D92D80054785C /* Build configuration list for PBXNativeTarget "Navigation" */ = {
			isa = XCConfigurationList;
			buildConfigurations = (
				F329911B282D92D80054785C /* Debug */,
				F329911C282D92D80054785C /* Release */,
			);
			defaultConfigurationIsVisible = 0;
			defaultConfigurationName = Release;
		};
/* End XCConfigurationList section */
	};
	rootObject = F32990FE282D92D70054785C /* Project object */;
}
